{
  "name": "node-kakao-v5-workspace",
  "version": "5.0.0-alpha.0",
  "lockfileVersion": 3,
  "requires": true,
  "packages": {
    "": {
      "name": "node-kakao-v5-workspace",
      "version": "5.0.0-alpha.0",
      "workspaces": [
        "packages/*"
      ],
      "devDependencies": {
        "@types/node": "^22.15.0",
        "typescript": "^5.8.3"
      },
      "engines": {
        "node": ">=22"
      }
    },
    "node_modules/@node-kakao/client-core": {
      "resolved": "packages/client-core",
      "link": true
    },
    "node_modules/@node-kakao/protocol-core": {
      "resolved": "packages/protocol-core",
      "link": true
    },
    "node_modules/@node-kakao/protocol-profiles": {
      "resolved": "packages/protocol-profiles",
      "link": true
    },
    "node_modules/@node-kakao/testkit": {
      "resolved": "packages/testkit",
      "link": true
    },
    "node_modules/@node-kakao/transport-node": {
      "resolved": "packages/transport-node",
      "link": true
    },
    "node_modules/@types/node": {
      "version": "22.20.1",
      "resolved": "https://registry.npmjs.org/@types/node/-/node-22.20.1.tgz",
      "integrity": "sha512-EANqOCF9QFyra+4pfxUcX9STKJpCLjMbObVzljIJomAWSnuSIEAvyzEU53GaajbXJEgdh0iEcPL+DGvpUd4k1Q==",
      "dev": true,
      "license": "MIT",
      "dependencies": {
        "undici-types": "~6.21.0"
      }
    },
    "node_modules/bson": {
      "version": "6.10.4",
      "resolved": "https://registry.npmjs.org/bson/-/bson-6.10.4.tgz",
      "integrity": "sha512-WIsKqkSC0ABoBJuT1LEX+2HEvNmNKKgnTAyd0fL8qzK4SH2i9NXg+t08YtdZp/V9IZ33cxe3iV4yM0qg8lMQng==",
      "license": "Apache-2.0",
      "engines": {
        "node": ">=16.20.1"
      }
    },
    "node_modules/typescript": {
      "version": "5.9.3",
      "resolved": "https://registry.npmjs.org/typescript/-/typescript-5.9.3.tgz",
      "integrity": "sha512-jl1vZzPDinLr9eUt3J/t7V6FgNEw9QjvBPdysz9KfQDD41fQrC2Y4vKQdiaUpFT4bXlb1RHhLpp8wtm6M5TgSw==",
      "dev": true,
      "license": "Apache-2.0",
      "bin": {
        "tsc": "bin/tsc",
        "tsserver": "bin/tsserver"
      },
      "engines": {
        "node": ">=14.17"
      }
    },
    "node_modules/undici-types": {
      "version": "6.21.0",
      "resolved": "https://registry.npmjs.org/undici-types/-/undici-types-6.21.0.tgz",
      "integrity": "sha512-iwDZqg0QAGrg9Rav5H4n0M64c3mkR59cJ6wQp+7C4nI0gsmExaedaYLNO44eT4AtBBwjbTiGPMlt2Md0T9H9JQ==",
      "dev": true,
      "license": "MIT"
    },
    "packages/client-core": {
      "name": "@node-kakao/client-core",
      "version": "5.0.0-alpha.0"
    },
    "packages/protocol-core": {
      "name": "@node-kakao/protocol-core",
      "version": "5.0.0-alpha.0",
      "dependencies": {
        "bson": "^6.10.3"
      }
    },
    "packages/protocol-profiles": {
      "name": "@node-kakao/protocol-profiles",
      "version": "5.0.0-alpha.0"
    },
    "packages/testkit": {
      "name": "@node-kakao/testkit",
      "version": "5.0.0-alpha.0"
    },
    "packages/transport-node": {
      "name": "@node-kakao/transport-node",
      "version": "5.0.0-alpha.0",
      "dependencies": {
        "@node-kakao/protocol-core": "5.0.0-alpha.0"
      }
    }
  }
}
